
Microsoft Visual Studio Solution File, Format Version 12.00
# Visual Studio 15
VisualStudioVersion = 15.0.28307.106
MinimumVisualStudioVersion = 10.0.40219.1
Project("{8BC9CEB8-8B4A-11D0-8D11-00A0C91BC942}") = "CTKevaluator", "CTKevaluator.vcxproj", "{3E0E801D-E8C7-4BC3-8B23-CF14FACFB205}"
EndProject
Global
	GlobalSection(SolutionConfigurationPlatforms) = preSolution
		Debug|x64 = Debug|x64
		Debug|x86 = Debug|x86
		Release|x64 = Release|x64
		Release|x86 = Release|x86
	EndGlobalSection
	GlobalSection(ProjectConfigurationPlatforms) = postSolution
		{3E0E801D-E8C7-4BC3-8B23-CF14FACFB205}.Debug|x64.ActiveCfg = Debug|x64
		{3E0E801D-E8C7-4BC3-8B23-CF14FACFB205}.Debug|x64.Build.0 = Debug|x64
		{3E0E801D-E8C7-4BC3-8B23-CF14FACFB205}.Debug|x86.ActiveCfg = Debug|Win32
		{3E0E801D-E8C7-4BC3-8B23-CF14FACFB205}.Debug|x86.Build.0 = Debug|Win32
		{3E0E801D-E8C7-4BC3-8B23-CF14FACFB205}.Release|x64.ActiveCfg = Release|x64
		{3E0E801D-E8C7-4BC3-8B23-CF14FACFB205}.Release|x64.Build.0 = Release|x64
		{3E0E801D-E8C7-4BC3-8B23-CF14FACFB205}.Release|x86.ActiveCfg = Release|Win32
		{3E0E801D-E8C7-4BC3-8B23-CF14FACFB205}.Release|x86.Build.0 = Release|Win32
	EndGlobalSection
	GlobalSection(SolutionProperties) = preSolution
		HideSolutionNode = FALSE
	EndGlobalSection
	GlobalSection(ExtensibilityGlobals) = postSolution
		SolutionGuid = {BD7ED91B-5FD5-4981-BB5B-AA86589986DB}
	EndGlobalSection
EndGlobal
