
Microsoft Visual Studio Solution File, Format Version 12.00
# Visual Studio 15
VisualStudioVersion = 15.0.28307.489
MinimumVisualStudioVersion = 10.0.40219.1
Project("{8BC9CEB8-8B4A-11D0-8D11-00A0C91BC942}") = "Ljecnicka ordinacija", "Ljecnicka ordinacija.vcxproj", "{6BF80E62-C842-4DC5-B968-C2A257328643}"
EndProject
Global
	GlobalSection(SolutionConfigurationPlatforms) = preSolution
		Debug|x64 = Debug|x64
		Debug|x86 = Debug|x86
		Release|x64 = Release|x64
		Release|x86 = Release|x86
	EndGlobalSection
	GlobalSection(ProjectConfigurationPlatforms) = postSolution
		{6BF80E62-C842-4DC5-B968-C2A257328643}.Debug|x64.ActiveCfg = Debug|x64
		{6BF80E62-C842-4DC5-B968-C2A257328643}.Debug|x64.Build.0 = Debug|x64
		{6BF80E62-C842-4DC5-B968-C2A257328643}.Debug|x86.ActiveCfg = Debug|Win32
		{6BF80E62-C842-4DC5-B968-C2A257328643}.Debug|x86.Build.0 = Debug|Win32
		{6BF80E62-C842-4DC5-B968-C2A257328643}.Release|x64.ActiveCfg = Release|x64
		{6BF80E62-C842-4DC5-B968-C2A257328643}.Release|x64.Build.0 = Release|x64
		{6BF80E62-C842-4DC5-B968-C2A257328643}.Release|x86.ActiveCfg = Release|Win32
		{6BF80E62-C842-4DC5-B968-C2A257328643}.Release|x86.Build.0 = Release|Win32
	EndGlobalSection
	GlobalSection(SolutionProperties) = preSolution
		HideSolutionNode = FALSE
	EndGlobalSection
	GlobalSection(ExtensibilityGlobals) = postSolution
		SolutionGuid = {6725CCAD-41A6-4678-9003-537B1F640FBD}
	EndGlobalSection
EndGlobal
